
Microsoft Visual Studio Solution File, Format Version 12.00
# Visual Studio Version 16
VisualStudioVersion = 16.0.30611.23
MinimumVisualStudioVersion = 10.0.40219.1
Project("{9A19103F-16F7-4668-BE54-9A1E7A4F7556}") = "EnglishApi", "EnglishApi.csproj", "{EE5CB5F4-625D-4EA5-80E8-B20A82F08666}"
EndProject
Project("{9A19103F-16F7-4668-BE54-9A1E7A4F7556}") = "English.Database", "..\English.Database\English.Database.csproj", "{D2441B5B-A528-4F5B-938D-9B72D396AD12}"
EndProject
Project("{9A19103F-16F7-4668-BE54-9A1E7A4F7556}") = "English.Services", "..\English.Services\English.Services.csproj", "{6EBD2005-3223-4B8D-8FE7-1B61832EA9D1}"
EndProject
Global
	GlobalSection(SolutionConfigurationPlatforms) = preSolution
		Debug|Any CPU = Debug|Any CPU
		Release|Any CPU = Release|Any CPU
	EndGlobalSection
	GlobalSection(ProjectConfigurationPlatforms) = postSolution
		{EE5CB5F4-625D-4EA5-80E8-B20A82F08666}.Debug|Any CPU.ActiveCfg = Debug|Any CPU
		{EE5CB5F4-625D-4EA5-80E8-B20A82F08666}.Debug|Any CPU.Build.0 = Debug|Any CPU
		{EE5CB5F4-625D-4EA5-80E8-B20A82F08666}.Release|Any CPU.ActiveCfg = Release|Any CPU
		{EE5CB5F4-625D-4EA5-80E8-B20A82F08666}.Release|Any CPU.Build.0 = Release|Any CPU
		{D2441B5B-A528-4F5B-938D-9B72D396AD12}.Debug|Any CPU.ActiveCfg = Debug|Any CPU
		{D2441B5B-A528-4F5B-938D-9B72D396AD12}.Debug|Any CPU.Build.0 = Debug|Any CPU
		{D2441B5B-A528-4F5B-938D-9B72D396AD12}.Release|Any CPU.ActiveCfg = Release|Any CPU
		{D2441B5B-A528-4F5B-938D-9B72D396AD12}.Release|Any CPU.Build.0 = Release|Any CPU
		{6EBD2005-3223-4B8D-8FE7-1B61832EA9D1}.Debug|Any CPU.ActiveCfg = Debug|Any CPU
		{6EBD2005-3223-4B8D-8FE7-1B61832EA9D1}.Debug|Any CPU.Build.0 = Debug|Any CPU
		{6EBD2005-3223-4B8D-8FE7-1B61832EA9D1}.Release|Any CPU.ActiveCfg = Release|Any CPU
		{6EBD2005-3223-4B8D-8FE7-1B61832EA9D1}.Release|Any CPU.Build.0 = Release|Any CPU
	EndGlobalSection
	GlobalSection(SolutionProperties) = preSolution
		HideSolutionNode = FALSE
	EndGlobalSection
	GlobalSection(ExtensibilityGlobals) = postSolution
		SolutionGuid = {A984C261-B7D6-4B29-9679-8CEE8A441963}
	EndGlobalSection
EndGlobal
